
Microsoft Visual Studio Solution File, Format Version 12.00
# Visual Studio 15
Project("{FAE04EC0-301F-11D3-BF4B-00C04F79EFBC}") = "3D_SurvivalShootingGame", "3D_SurvivalShootingGame.csproj", "{9E20902B-E29F-07D9-CC5A-82F2559B601D}"
EndProject
Global
	GlobalSection(SolutionConfigurationPlatforms) = preSolution
		Debug|Any CPU = Debug|Any CPU
		Release|Any CPU = Release|Any CPU
	EndGlobalSection
	GlobalSection(ProjectConfigurationPlatforms) = postSolution
		{9E20902B-E29F-07D9-CC5A-82F2559B601D}.Debug|Any CPU.ActiveCfg = Debug|Any CPU
		{9E20902B-E29F-07D9-CC5A-82F2559B601D}.Debug|Any CPU.Build.0 = Debug|Any CPU
		{9E20902B-E29F-07D9-CC5A-82F2559B601D}.Release|Any CPU.ActiveCfg = Release|Any CPU
		{9E20902B-E29F-07D9-CC5A-82F2559B601D}.Release|Any CPU.Build.0 = Release|Any CPU
	EndGlobalSection
	GlobalSection(SolutionProperties) = preSolution
		HideSolutionNode = FALSE
	EndGlobalSection
EndGlobal
